
Microsoft Visual Studio Solution File, Format Version 12.00
# Visual Studio Version 17
VisualStudioVersion = 17.8.34316.72
MinimumVisualStudioVersion = 10.0.40219.1
Project("{9A19103F-16F7-4668-BE54-9A1E7A4F7556}") = "HW.Otus_DB1", "HW.Otus_DB1\HW.Otus_DB1.csproj", "{901593AC-ADEA-4859-9D01-C80A1851B015}"
EndProject
Global
	GlobalSection(SolutionConfigurationPlatforms) = preSolution
		Debug|Any CPU = Debug|Any CPU
		Release|Any CPU = Release|Any CPU
	EndGlobalSection
	GlobalSection(ProjectConfigurationPlatforms) = postSolution
		{901593AC-ADEA-4859-9D01-C80A1851B015}.Debug|Any CPU.ActiveCfg = Debug|Any CPU
		{901593AC-ADEA-4859-9D01-C80A1851B015}.Debug|Any CPU.Build.0 = Debug|Any CPU
		{901593AC-ADEA-4859-9D01-C80A1851B015}.Release|Any CPU.ActiveCfg = Release|Any CPU
		{901593AC-ADEA-4859-9D01-C80A1851B015}.Release|Any CPU.Build.0 = Release|Any CPU
	EndGlobalSection
	GlobalSection(SolutionProperties) = preSolution
		HideSolutionNode = FALSE
	EndGlobalSection
	GlobalSection(ExtensibilityGlobals) = postSolution
		SolutionGuid = {B22570A7-6827-4640-881C-61CCA2A4AB79}
	EndGlobalSection
EndGlobal
